{
  "nodes": {
    "flake-parts": {
      "inputs": {
        "nixpkgs-lib": [
          "nixvim",
          "nixpkgs"
        ]
      },
      "locked": {
        "lastModified": 1765835352,
        "narHash": "sha256-XswHlK/Qtjasvhd1nOa1e8MgZ8GS//jBoTqWtrS1Giw=",
        "owner": "hercules-ci",
        "repo": "flake-parts",
        "rev": "a34fae9c08a15ad73f295041fec82323541400a9",
        "type": "github"
      },
      "original": {
        "owner": "hercules-ci",
        "repo": "flake-parts",
        "type": "github"
      }
    },
    "flake-utils": {
      "inputs": {
        "systems": "systems"
      },
      "locked": {
        "lastModified": 1731533236,
        "narHash": "sha256-l0KFg5HjrsfsO/JpG+r7fRrqm12kzFHyUHqHCVpMMbI=",
        "owner": "numtide",
        "repo": "flake-utils",
        "rev": "11707dc2f618dd54ca8739b309ec4fc024de578b",
        "type": "github"
      },
      "original": {
        "owner": "numtide",
        "repo": "flake-utils",
        "type": "github"
      }
    },
    "home-manager": {
      "inputs": {
        "nixpkgs": [
          "nixpkgs"
        ]
      },
      "locked": {
        "lastModified": 1763992789,
        "narHash": "sha256-WHkdBlw6oyxXIra/vQPYLtqY+3G8dUVZM8bEXk0t8x4=",
        "owner": "nix-community",
        "repo": "home-manager",
        "rev": "44831a7eaba4360fb81f2acc5ea6de5fde90aaa3",
        "type": "github"
      },
      "original": {
        "owner": "nix-community",
        "ref": "release-25.05",
        "repo": "home-manager",
        "type": "github"
      }
    },
    "ixx": {
      "inputs": {
        "flake-utils": [
          "nixvim",
          "nuschtosSearch",
          "flake-utils"
        ],
        "nixpkgs": [
          "nixvim",
          "nuschtosSearch",
          "nixpkgs"
        ]
      },
      "locked": {
        "lastModified": 1754860581,
        "narHash": "sha256-EM0IE63OHxXCOpDHXaTyHIOk2cNvMCGPqLt/IdtVxgk=",
        "owner": "NuschtOS",
        "repo": "ixx",
        "rev": "babfe85a876162c4acc9ab6fb4483df88fa1f281",
        "type": "github"
      },
      "original": {
        "owner": "NuschtOS",
        "ref": "v0.1.1",
        "repo": "ixx",
        "type": "github"
      }
    },
    "nixos-hardware": {
      "locked": {
        "lastModified": 1766568855,
        "narHash": "sha256-UXVtN77D7pzKmzOotFTStgZBqpOcf8cO95FcupWp4Zo=",
        "owner": "NixOS",
        "repo": "nixos-hardware",
        "rev": "c5db9569ac9cc70929c268ac461f4003e3e5ca80",
        "type": "github"
      },
      "original": {
        "owner": "NixOS",
        "ref": "master",
        "repo": "nixos-hardware",
        "type": "github"
      }
    },
    "nixpkgs": {
      "locked": {
        "lastModified": 1766687554,
        "narHash": "sha256-DegN7KD/EtFSKXf2jvqL6lvev6GlfAAatYBcRC8goEo=",
        "owner": "NixOS",
        "repo": "nixpkgs",
        "rev": "fd0ca39c92fdb4012ed8d60e1683c26fddadd136",
        "type": "github"
      },
      "original": {
        "owner": "NixOS",
        "ref": "nixos-25.05",
        "repo": "nixpkgs",
        "type": "github"
      }
    },
    "nixvim": {
      "inputs": {
        "flake-parts": "flake-parts",
        "nixpkgs": [
          "nixpkgs"
        ],
        "nuschtosSearch": "nuschtosSearch",
        "systems": "systems_2"
      },
      "locked": {
        "lastModified": 1766849623,
        "narHash": "sha256-DoW2GSuM+FUQolL4LRL1nrq0K9MDTSxnjZfqOzIpfeU=",
        "owner": "nix-community",
        "repo": "nixvim",
        "rev": "22cf9927b8d58a2b9093850f10b93dfcb81d984a",
        "type": "github"
      },
      "original": {
        "owner": "nix-community",
        "ref": "nixos-25.05",
        "repo": "nixvim",
        "type": "github"
      }
    },
    "nuschtosSearch": {
      "inputs": {
        "flake-utils": "flake-utils",
        "ixx": "ixx",
        "nixpkgs": [
          "nixvim",
          "nixpkgs"
        ]
      },
      "locked": {
        "lastModified": 1761730856,
        "narHash": "sha256-t1i5p/vSWwueZSC0Z2BImxx3BjoUDNKyC2mk24krcMY=",
        "owner": "NuschtOS",
        "repo": "search",
        "rev": "e29de6db0cb3182e9aee75a3b1fd1919d995d85b",
        "type": "github"
      },
      "original": {
        "owner": "NuschtOS",
        "repo": "search",
        "type": "github"
      }
    },
    "root": {
      "inputs": {
        "home-manager": "home-manager",
        "nixos-hardware": "nixos-hardware",
        "nixpkgs": "nixpkgs",
        "nixvim": "nixvim"
      }
    },
    "systems": {
      "locked": {
        "lastModified": 1681028828,
        "narHash": "sha256-Vy1rq5AaRuLzOxct8nz4T6wlgyUR7zLU309k9mBC768=",
        "owner": "nix-systems",
        "repo": "default",
        "rev": "da67096a3b9bf56a91d16901293e51ba5b49a27e",
        "type": "github"
      },
      "original": {
        "owner": "nix-systems",
        "repo": "default",
        "type": "github"
      }
    },
    "systems_2": {
      "locked": {
        "lastModified": 1681028828,
        "narHash": "sha256-Vy1rq5AaRuLzOxct8nz4T6wlgyUR7zLU309k9mBC768=",
        "owner": "nix-systems",
        "repo": "default",
        "rev": "da67096a3b9bf56a91d16901293e51ba5b49a27e",
        "type": "github"
      },
      "original": {
        "owner": "nix-systems",
        "repo": "default",
        "type": "github"
      }
    }
  },
  "root": "root",
  "version": 7
}
